
Microsoft Visual Studio Solution File, Format Version 12.00
# Visual Studio Version 17
VisualStudioVersion = 17.1.32328.378
MinimumVisualStudioVersion = 10.0.40219.1
Project("{8BC9CEB8-8B4A-11D0-8D11-00A0C91BC942}") = "MusicInstrumentsClient", "MusicInstrumentsClient\MusicInstrumentsClient.vcxproj", "{F39837B0-FA2C-41B0-A89A-3030235D7DF7}"
EndProject
Project("{8BC9CEB8-8B4A-11D0-8D11-00A0C91BC942}") = "MusicInstrumentsServer", "MusicInstrumentsServer\MusicInstrumentsServer.vcxproj", "{F2B403D9-59A7-4D6A-B7A5-EB60545313C6}"
EndProject
Global
	GlobalSection(SolutionConfigurationPlatforms) = preSolution
		Debug|x64 = Debug|x64
		Release|x64 = Release|x64
	EndGlobalSection
	GlobalSection(ProjectConfigurationPlatforms) = postSolution
		{F39837B0-FA2C-41B0-A89A-3030235D7DF7}.Debug|x64.ActiveCfg = Debug|x64
		{F39837B0-FA2C-41B0-A89A-3030235D7DF7}.Debug|x64.Build.0 = Debug|x64
		{F39837B0-FA2C-41B0-A89A-3030235D7DF7}.Release|x64.ActiveCfg = Release|x64
		{F39837B0-FA2C-41B0-A89A-3030235D7DF7}.Release|x64.Build.0 = Release|x64
		{F2B403D9-59A7-4D6A-B7A5-EB60545313C6}.Debug|x64.ActiveCfg = Debug|x64
		{F2B403D9-59A7-4D6A-B7A5-EB60545313C6}.Debug|x64.Build.0 = Debug|x64
		{F2B403D9-59A7-4D6A-B7A5-EB60545313C6}.Release|x64.ActiveCfg = Release|x64
		{F2B403D9-59A7-4D6A-B7A5-EB60545313C6}.Release|x64.Build.0 = Release|x64
	EndGlobalSection
	GlobalSection(SolutionProperties) = preSolution
		HideSolutionNode = FALSE
	EndGlobalSection
	GlobalSection(ExtensibilityGlobals) = postSolution
		SolutionGuid = {24D68BDE-DA95-455A-A794-0C872A972856}
	EndGlobalSection
EndGlobal
